{
  "nodes": {
    "nixpkgs": {
      "locked": {
        "lastModified": 1785090369,
        "narHash": "sha256-m0pDuRJG7EDo9ri+4Ksu83VsI+PlxNC9lNBfydejce4=",
        "owner": "NixOS",
        "repo": "nixpkgs",
        "rev": "624af665418d3c65d544145b4d34ad696439570e",
        "type": "github"
      },
      "original": {
        "owner": "NixOS",
        "ref": "nixos-unstable",
        "repo": "nixpkgs",
        "type": "github"
      }
    },
    "root": {
      "inputs": {
        "nixpkgs": "nixpkgs",
        "unisic-kit": "unisic-kit"
      }
    },
    "unisic-kit": {
      "flake": false,
      "locked": {
        "lastModified": 1785518377,
        "narHash": "sha256-o+bWG5UQ9a5+1sHbk1JHJ9PoWlcarHK5EbNlXBezIS0=",
        "owner": "unisic",
        "repo": "unisic-kit",
        "rev": "e52a2f59f6b25df902f1ad36793c68c777c776a6",
        "type": "github"
      },
      "original": {
        "owner": "unisic",
        "repo": "unisic-kit",
        "rev": "e52a2f59f6b25df902f1ad36793c68c777c776a6",
        "type": "github"
      }
    }
  },
  "root": "root",
  "version": 7
}
