{
  "nodes": {
    "nixpkgs": {
      "locked": {
        "lastModified": 1786599213,
        "narHash": "sha256-yNJd40f11EzXBjSByCB7IPpeFFAdeoSKKM67dGkfFoU=",
        "owner": "NixOS",
        "repo": "nixpkgs",
        "rev": "0e251e24a4f24e036a084b6b4b2d2491af4167f4",
        "type": "github"
      },
      "original": {
        "owner": "NixOS",
        "ref": "nixos-unstable",
        "repo": "nixpkgs",
        "type": "github"
      }
    },
    "root": {
      "inputs": {
        "nixpkgs": "nixpkgs",
        "unisic-kit": "unisic-kit"
      }
    },
    "unisic-kit": {
      "flake": false,
      "locked": {
        "lastModified": 1791037568,
        "narHash": "sha256-UI2Vs/1KIhE0FMzSs208ZSVjUKzenHdWwi7YD9IW/HY=",
        "owner": "unisic",
        "repo": "unisic-kit",
        "rev": "ec84eade5470395288211be6e01cdf376f74787d",
        "type": "github"
      },
      "original": {
        "owner": "unisic",
        "repo": "unisic-kit",
        "rev": "ec84eade5470395288211be6e01cdf376f74787d",
        "type": "github"
      }
    }
  },
  "root": "root",
  "version": 7
}
